
Microsoft Visual Studio Solution File, Format Version 12.00
# Visual Studio Version 17
VisualStudioVersion = 17.6.33815.320
MinimumVisualStudioVersion = 10.0.40219.1
Project("{9A19103F-16F7-4668-BE54-9A1E7A4F7556}") = "Blog.Gui", "Blog.Gui\Blog.Gui.csproj", "{B83493A2-98B5-439D-8B9F-AB5B503E6B27}"
EndProject
Project("{9A19103F-16F7-4668-BE54-9A1E7A4F7556}") = "Blog.Service", "Blog.Service\Blog.Service.csproj", "{DDF8A190-C27B-4FAF-8654-AB40AAD71CEA}"
EndProject
Project("{FAE04EC0-301F-11D3-BF4B-00C04F79EFBC}") = "Blog.WpfGui", "Blog.WpfGui\Blog.WpfGui.csproj", "{D8467B14-270C-4F3E-B7B3-D2EAC499358E}"
EndProject
Project("{FAE04EC0-301F-11D3-BF4B-00C04F79EFBC}") = "Blog.Resources", "Blog.Resources\Blog.Resources.csproj", "{F0DC0EB6-1100-4BE9-B7E2-350E4E9BFA41}"
EndProject
Global
	GlobalSection(SolutionConfigurationPlatforms) = preSolution
		Debug|Any CPU = Debug|Any CPU
		Release|Any CPU = Release|Any CPU
	EndGlobalSection
	GlobalSection(ProjectConfigurationPlatforms) = postSolution
		{B83493A2-98B5-439D-8B9F-AB5B503E6B27}.Debug|Any CPU.ActiveCfg = Debug|Any CPU
		{B83493A2-98B5-439D-8B9F-AB5B503E6B27}.Debug|Any CPU.Build.0 = Debug|Any CPU
		{B83493A2-98B5-439D-8B9F-AB5B503E6B27}.Release|Any CPU.ActiveCfg = Release|Any CPU
		{B83493A2-98B5-439D-8B9F-AB5B503E6B27}.Release|Any CPU.Build.0 = Release|Any CPU
		{DDF8A190-C27B-4FAF-8654-AB40AAD71CEA}.Debug|Any CPU.ActiveCfg = Debug|Any CPU
		{DDF8A190-C27B-4FAF-8654-AB40AAD71CEA}.Debug|Any CPU.Build.0 = Debug|Any CPU
		{DDF8A190-C27B-4FAF-8654-AB40AAD71CEA}.Release|Any CPU.ActiveCfg = Release|Any CPU
		{DDF8A190-C27B-4FAF-8654-AB40AAD71CEA}.Release|Any CPU.Build.0 = Release|Any CPU
		{D8467B14-270C-4F3E-B7B3-D2EAC499358E}.Debug|Any CPU.ActiveCfg = Debug|Any CPU
		{D8467B14-270C-4F3E-B7B3-D2EAC499358E}.Debug|Any CPU.Build.0 = Debug|Any CPU
		{D8467B14-270C-4F3E-B7B3-D2EAC499358E}.Release|Any CPU.ActiveCfg = Release|Any CPU
		{D8467B14-270C-4F3E-B7B3-D2EAC499358E}.Release|Any CPU.Build.0 = Release|Any CPU
		{F0DC0EB6-1100-4BE9-B7E2-350E4E9BFA41}.Debug|Any CPU.ActiveCfg = Debug|Any CPU
		{F0DC0EB6-1100-4BE9-B7E2-350E4E9BFA41}.Debug|Any CPU.Build.0 = Debug|Any CPU
		{F0DC0EB6-1100-4BE9-B7E2-350E4E9BFA41}.Release|Any CPU.ActiveCfg = Release|Any CPU
		{F0DC0EB6-1100-4BE9-B7E2-350E4E9BFA41}.Release|Any CPU.Build.0 = Release|Any CPU
	EndGlobalSection
	GlobalSection(SolutionProperties) = preSolution
		HideSolutionNode = FALSE
	EndGlobalSection
	GlobalSection(ExtensibilityGlobals) = postSolution
		SolutionGuid = {0E727625-26CA-4B4B-94F0-BAEE8D38B267}
	EndGlobalSection
EndGlobal
